// !$*UTF8*$!
{
	archiveVersion = 1;
	classes = {
	};
	objectVersion = 56;
	objects = {

/* Begin PBXBuildFile section */
		D147EF6A2AD5576B00B3478F /* TriviaGameApp.swift in Sources */ = {isa = PBXBuildFile; fileRef = D147EF692AD5576B00B3478F /* TriviaGameApp.swift */; };
		D147EF6C2AD5576B00B3478F /* ContentView.swift in Sources */ = {isa = PBXBuildFile; fileRef = D147EF6B2AD5576B00B3478F /* ContentView.swift */; };
		D147EF6E2AD5576F00B3478F /* Assets.xcassets in Resources */ = {isa = PBXBuildFile; fileRef = D147EF6D2AD5576F00B3478F /* Assets.xcassets */; };
		D147EF712AD5576F00B3478F /* Preview Assets.xcassets in Resources */ = {isa = PBXBuildFile; fileRef = D147EF702AD5576F00B3478F /* Preview Assets.xcassets */; };
		D147EF7A2AD55AD300B3478F /* PrimaryButton.swift in Sources */ = {isa = PBXBuildFile; fileRef = D147EF792AD55AD300B3478F /* PrimaryButton.swift */; };
		D147EF7C2AD560A400B3478F /* Extentions.swift in Sources */ = {isa = PBXBuildFile; fileRef = D147EF7B2AD560A400B3478F /* Extentions.swift */; };
		D147EF7E2AD5613C00B3478F /* QuestionView.swift in Sources */ = {isa = PBXBuildFile; fileRef = D147EF7D2AD5613C00B3478F /* QuestionView.swift */; };
		D147EF802AD5638B00B3478F /* ProgressBar.swift in Sources */ = {isa = PBXBuildFile; fileRef = D147EF7F2AD5638B00B3478F /* ProgressBar.swift */; };
		D147EF822AD5657C00B3478F /* AnswerModel.swift in Sources */ = {isa = PBXBuildFile; fileRef = D147EF812AD5657C00B3478F /* AnswerModel.swift */; };
		D147EF842AD5673300B3478F /* AnswerRow.swift in Sources */ = {isa = PBXBuildFile; fileRef = D147EF832AD5673300B3478F /* AnswerRow.swift */; };
		D147EF862AD56F6B00B3478F /* TriviaView.swift in Sources */ = {isa = PBXBuildFile; fileRef = D147EF852AD56F6A00B3478F /* TriviaView.swift */; };
		D147EF892AD5708900B3478F /* TriviaModel.swift in Sources */ = {isa = PBXBuildFile; fileRef = D147EF882AD5708900B3478F /* TriviaModel.swift */; };
		D147EF8C2AD5764500B3478F /* WebServices.swift in Sources */ = {isa = PBXBuildFile; fileRef = D147EF8B2AD5764500B3478F /* WebServices.swift */; };
		D147EF8F2AD5766500B3478F /* TriviaVM.swift in Sources */ = {isa = PBXBuildFile; fileRef = D147EF8E2AD5766500B3478F /* TriviaVM.swift */; };
/* End PBXBuildFile section */

/* Begin PBXFileReference section */
		D147EF662AD5576B00B3478F /* TriviaGame.app */ = {isa = PBXFileReference; explicitFileType = wrapper.application; includeInIndex = 0; path = TriviaGame.app; sourceTree = BUILT_PRODUCTS_DIR; };
		D147EF692AD5576B00B3478F /* TriviaGameApp.swift */ = {isa = PBXFileReference; lastKnownFileType = sourcecode.swift; path = TriviaGameApp.swift; sourceTree = "<group>"; };
		D147EF6B2AD5576B00B3478F /* ContentView.swift */ = {isa = PBXFileReference; lastKnownFileType = sourcecode.swift; path = ContentView.swift; sourceTree = "<group>"; };
		D147EF6D2AD5576F00B3478F /* Assets.xcassets */ = {isa = PBXFileReference; lastKnownFileType = folder.assetcatalog; path = Assets.xcassets; sourceTree = "<group>"; };
		D147EF702AD5576F00B3478F /* Preview Assets.xcassets */ = {isa = PBXFileReference; lastKnownFileType = folder.assetcatalog; path = "Preview Assets.xcassets"; sourceTree = "<group>"; };
		D147EF792AD55AD300B3478F /* PrimaryButton.swift */ = {isa = PBXFileReference; lastKnownFileType = sourcecode.swift; path = PrimaryButton.swift; sourceTree = "<group>"; };
		D147EF7B2AD560A400B3478F /* Extentions.swift */ = {isa = PBXFileReference; lastKnownFileType = sourcecode.swift; path = Extentions.swift; sourceTree = "<group>"; };
		D147EF7D2AD5613C00B3478F /* QuestionView.swift */ = {isa = PBXFileReference; lastKnownFileType = sourcecode.swift; path = QuestionView.swift; sourceTree = "<group>"; };
		D147EF7F2AD5638B00B3478F /* ProgressBar.swift */ = {isa = PBXFileReference; lastKnownFileType = sourcecode.swift; path = ProgressBar.swift; sourceTree = "<group>"; };
		D147EF812AD5657C00B3478F /* AnswerModel.swift */ = {isa = PBXFileReference; lastKnownFileType = sourcecode.swift; path = AnswerModel.swift; sourceTree = "<group>"; };
		D147EF832AD5673300B3478F /* AnswerRow.swift */ = {isa = PBXFileReference; lastKnownFileType = sourcecode.swift; path = AnswerRow.swift; sourceTree = "<group>"; };
		D147EF852AD56F6A00B3478F /* TriviaView.swift */ = {isa = PBXFileReference; lastKnownFileType = sourcecode.swift; path = TriviaView.swift; sourceTree = "<group>"; };
		D147EF882AD5708900B3478F /* TriviaModel.swift */ = {isa = PBXFileReference; lastKnownFileType = sourcecode.swift; path = TriviaModel.swift; sourceTree = "<group>"; };
		D147EF8B2AD5764500B3478F /* WebServices.swift */ = {isa = PBXFileReference; lastKnownFileType = sourcecode.swift; path = WebServices.swift; sourceTree = "<group>"; };
		D147EF8E2AD5766500B3478F /* TriviaVM.swift */ = {isa = PBXFileReference; lastKnownFileType = sourcecode.swift; path = TriviaVM.swift; sourceTree = "<group>"; };
/* End PBXFileReference section */

/* Begin PBXFrameworksBuildPhase section */
		D147EF632AD5576B00B3478F /* Frameworks */ = {
			isa = PBXFrameworksBuildPhase;
			buildActionMask = 2147483647;
			files = (
			);
			runOnlyForDeploymentPostprocessing = 0;
		};
/* End PBXFrameworksBuildPhase section */

/* Begin PBXGroup section */
		D147EF5D2AD5576B00B3478F = {
			isa = PBXGroup;
			children = (
				D147EF682AD5576B00B3478F /* TriviaGame */,
				D147EF672AD5576B00B3478F /* Products */,
			);
			sourceTree = "<group>";
		};
		D147EF672AD5576B00B3478F /* Products */ = {
			isa = PBXGroup;
			children = (
				D147EF662AD5576B00B3478F /* TriviaGame.app */,
			);
			name = Products;
			sourceTree = "<group>";
		};
		D147EF682AD5576B00B3478F /* TriviaGame */ = {
			isa = PBXGroup;
			children = (
				D1694FCB2AD5A23D00701F3C /* Extentions */,
				D147EF782AD55AC100B3478F /* Components */,
				D147EF8A2AD5762E00B3478F /* Services */,
				D147EF8D2AD5765000B3478F /* ViewModel */,
				D147EF872AD5706E00B3478F /* Models */,
				D147EF772AD5577800B3478F /* Views */,
				D147EF692AD5576B00B3478F /* TriviaGameApp.swift */,
				D147EF6D2AD5576F00B3478F /* Assets.xcassets */,
				D147EF6F2AD5576F00B3478F /* Preview Content */,
			);
			path = TriviaGame;
			sourceTree = "<group>";
		};
		D147EF6F2AD5576F00B3478F /* Preview Content */ = {
			isa = PBXGroup;
			children = (
				D147EF702AD5576F00B3478F /* Preview Assets.xcassets */,
			);
			path = "Preview Content";
			sourceTree = "<group>";
		};
		D147EF772AD5577800B3478F /* Views */ = {
			isa = PBXGroup;
			children = (
				D147EF6B2AD5576B00B3478F /* ContentView.swift */,
				D147EF7D2AD5613C00B3478F /* QuestionView.swift */,
				D147EF852AD56F6A00B3478F /* TriviaView.swift */,
			);
			path = Views;
			sourceTree = "<group>";
		};
		D147EF782AD55AC100B3478F /* Components */ = {
			isa = PBXGroup;
			children = (
				D147EF792AD55AD300B3478F /* PrimaryButton.swift */,
				D147EF7F2AD5638B00B3478F /* ProgressBar.swift */,
				D147EF832AD5673300B3478F /* AnswerRow.swift */,
			);
			path = Components;
			sourceTree = "<group>";
		};
		D147EF872AD5706E00B3478F /* Models */ = {
			isa = PBXGroup;
			children = (
				D147EF812AD5657C00B3478F /* AnswerModel.swift */,
				D147EF882AD5708900B3478F /* TriviaModel.swift */,
			);
			path = Models;
			sourceTree = "<group>";
		};
		D147EF8A2AD5762E00B3478F /* Services */ = {
			isa = PBXGroup;
			children = (
				D147EF8B2AD5764500B3478F /* WebServices.swift */,
			);
			path = Services;
			sourceTree = "<group>";
		};
		D147EF8D2AD5765000B3478F /* ViewModel */ = {
			isa = PBXGroup;
			children = (
				D147EF8E2AD5766500B3478F /* TriviaVM.swift */,
			);
			path = ViewModel;
			sourceTree = "<group>";
		};
		D1694FCB2AD5A23D00701F3C /* Extentions */ = {
			isa = PBXGroup;
			children = (
				D147EF7B2AD560A400B3478F /* Extentions.swift */,
			);
			path = Extentions;
			sourceTree = "<group>";
		};
/* End PBXGroup section */

/* Begin PBXNativeTarget section */
		D147EF652AD5576B00B3478F /* TriviaGame */ = {
			isa = PBXNativeTarget;
			buildConfigurationList = D147EF742AD5576F00B3478F /* Build configuration list for PBXNativeTarget "TriviaGame" */;
			buildPhases = (
				D147EF622AD5576B00B3478F /* Sources */,
				D147EF632AD5576B00B3478F /* Frameworks */,
				D147EF642AD5576B00B3478F /* Resources */,
			);
			buildRules = (
			);
			dependencies = (
			);
			name = TriviaGame;
			productName = TriviaGame;
			productReference = D147EF662AD5576B00B3478F /* TriviaGame.app */;
			productType = "com.apple.product-type.application";
		};
/* End PBXNativeTarget section */

/* Begin PBXProject section */
		D147EF5E2AD5576B00B3478F /* Project object */ = {
			isa = PBXProject;
			attributes = {
				BuildIndependentTargetsInParallel = 1;
				LastSwiftUpdateCheck = 1430;
				LastUpgradeCheck = 1430;
				TargetAttributes = {
					D147EF652AD5576B00B3478F = {
						CreatedOnToolsVersion = 14.3;
					};
				};
			};
			buildConfigurationList = D147EF612AD5576B00B3478F /* Build configuration list for PBXProject "TriviaGame" */;
			compatibilityVersion = "Xcode 14.0";
			developmentRegion = en;
			hasScannedForEncodings = 0;
			knownRegions = (
				en,
				Base,
			);
			mainGroup = D147EF5D2AD5576B00B3478F;
			productRefGroup = D147EF672AD5576B00B3478F /* Products */;
			projectDirPath = "";
			projectRoot = "";
			targets = (
				D147EF652AD5576B00B3478F /* TriviaGame */,
			);
		};
/* End PBXProject section */

/* Begin PBXResourcesBuildPhase section */
		D147EF642AD5576B00B3478F /* Resources */ = {
			isa = PBXResourcesBuildPhase;
			buildActionMask = 2147483647;
			files = (
				D147EF712AD5576F00B3478F /* Preview Assets.xcassets in Resources */,
				D147EF6E2AD5576F00B3478F /* Assets.xcassets in Resources */,
			);
			runOnlyForDeploymentPostprocessing = 0;
		};
/* End PBXResourcesBuildPhase section */

/* Begin PBXSourcesBuildPhase section */
		D147EF622AD5576B00B3478F /* Sources */ = {
			isa = PBXSourcesBuildPhase;
			buildActionMask = 2147483647;
			files = (
				D147EF7E2AD5613C00B3478F /* QuestionView.swift in Sources */,
				D147EF862AD56F6B00B3478F /* TriviaView.swift in Sources */,
				D147EF7C2AD560A400B3478F /* Extentions.swift in Sources */,
				D147EF8C2AD5764500B3478F /* WebServices.swift in Sources */,
				D147EF842AD5673300B3478F /* AnswerRow.swift in Sources */,
				D147EF822AD5657C00B3478F /* AnswerModel.swift in Sources */,
				D147EF7A2AD55AD300B3478F /* PrimaryButton.swift in Sources */,
				D147EF892AD5708900B3478F /* TriviaModel.swift in Sources */,
				D147EF6C2AD5576B00B3478F /* ContentView.swift in Sources */,
				D147EF802AD5638B00B3478F /* ProgressBar.swift in Sources */,
				D147EF6A2AD5576B00B3478F /* TriviaGameApp.swift in Sources */,
				D147EF8F2AD5766500B3478F /* TriviaVM.swift in Sources */,
			);
			runOnlyForDeploymentPostprocessing = 0;
		};
/* End PBXSourcesBuildPhase section */

/* Begin XCBuildConfiguration section */
		D147EF722AD5576F00B3478F /* Debug */ = {
			isa = XCBuildConfiguration;
			buildSettings = {
				ALWAYS_SEARCH_USER_PATHS = NO;
				CLANG_ANALYZER_NONNULL = YES;
				CLANG_ANALYZER_NUMBER_OBJECT_CONVERSION = YES_AGGRESSIVE;
				CLANG_CXX_LANGUAGE_STANDARD = "gnu++20";
				CLANG_ENABLE_MODULES = YES;
				CLANG_ENABLE_OBJC_ARC = YES;
				CLANG_ENABLE_OBJC_WEAK = YES;
				CLANG_WARN_BLOCK_CAPTURE_AUTORELEASING = YES;
				CLANG_WARN_BOOL_CONVERSION = YES;
				CLANG_WARN_COMMA = YES;
				CLANG_WARN_CONSTANT_CONVERSION = YES;
				CLANG_WARN_DEPRECATED_OBJC_IMPLEMENTATIONS = YES;
				CLANG_WARN_DIRECT_OBJC_ISA_USAGE = YES_ERROR;
				CLANG_WARN_DOCUMENTATION_COMMENTS = YES;
				CLANG_WARN_EMPTY_BODY = YES;
				CLANG_WARN_ENUM_CONVERSION = YES;
				CLANG_WARN_INFINITE_RECURSION = YES;
				CLANG_WARN_INT_CONVERSION = YES;
				CLANG_WARN_NON_LITERAL_NULL_CONVERSION = YES;
				CLANG_WARN_OBJC_IMPLICIT_RETAIN_SELF = YES;
				CLANG_WARN_OBJC_LITERAL_CONVERSION = YES;
				CLANG_WARN_OBJC_ROOT_CLASS = YES_ERROR;
				CLANG_WARN_QUOTED_INCLUDE_IN_FRAMEWORK_HEADER = YES;
				CLANG_WARN_RANGE_LOOP_ANALYSIS = YES;
				CLANG_WARN_STRICT_PROTOTYPES = YES;
				CLANG_WARN_SUSPICIOUS_MOVE = YES;
				CLANG_WARN_UNGUARDED_AVAILABILITY = YES_AGGRESSIVE;
				CLANG_WARN_UNREACHABLE_CODE = YES;
				CLANG_WARN__DUPLICATE_METHOD_MATCH = YES;
				COPY_PHASE_STRIP = NO;
				DEBUG_INFORMATION_FORMAT = dwarf;
				ENABLE_STRICT_OBJC_MSGSEND = YES;
				ENABLE_TESTABILITY = YES;
				GCC_C_LANGUAGE_STANDARD = gnu11;
				GCC_DYNAMIC_NO_PIC = NO;
				GCC_NO_COMMON_BLOCKS = YES;
				GCC_OPTIMIZATION_LEVEL = 0;
				GCC_PREPROCESSOR_DEFINITIONS = (
					"DEBUG=1",
					"$(inherited)",
				);
				GCC_WARN_64_TO_32_BIT_CONVERSION = YES;
				GCC_WARN_ABOUT_RETURN_TYPE = YES_ERROR;
				GCC_WARN_UNDECLARED_SELECTOR = YES;
				GCC_WARN_UNINITIALIZED_AUTOS = YES_AGGRESSIVE;
				GCC_WARN_UNUSED_FUNCTION = YES;
				GCC_WARN_UNUSED_VARIABLE = YES;
				IPHONEOS_DEPLOYMENT_TARGET = 16.4;
				MTL_ENABLE_DEBUG_INFO = INCLUDE_SOURCE;
				MTL_FAST_MATH = YES;
				ONLY_ACTIVE_ARCH = YES;
				SDKROOT = iphoneos;
				SWIFT_ACTIVE_COMPILATION_CONDITIONS = DEBUG;
				SWIFT_OPTIMIZATION_LEVEL = "-Onone";
			};
			name = Debug;
		};
		D147EF732AD5576F00B3478F /* Release */ = {
			isa = XCBuildConfiguration;
			buildSettings = {
				ALWAYS_SEARCH_USER_PATHS = NO;
				CLANG_ANALYZER_NONNULL = YES;
				CLANG_ANALYZER_NUMBER_OBJECT_CONVERSION = YES_AGGRESSIVE;
				CLANG_CXX_LANGUAGE_STANDARD = "gnu++20";
				CLANG_ENABLE_MODULES = YES;
				CLANG_ENABLE_OBJC_ARC = YES;
				CLANG_ENABLE_OBJC_WEAK = YES;
				CLANG_WARN_BLOCK_CAPTURE_AUTORELEASING = YES;
				CLANG_WARN_BOOL_CONVERSION = YES;
				CLANG_WARN_COMMA = YES;
				CLANG_WARN_CONSTANT_CONVERSION = YES;
				CLANG_WARN_DEPRECATED_OBJC_IMPLEMENTATIONS = YES;
				CLANG_WARN_DIRECT_OBJC_ISA_USAGE = YES_ERROR;
				CLANG_WARN_DOCUMENTATION_COMMENTS = YES;
				CLANG_WARN_EMPTY_BODY = YES;
				CLANG_WARN_ENUM_CONVERSION = YES;
				CLANG_WARN_INFINITE_RECURSION = YES;
				CLANG_WARN_INT_CONVERSION = YES;
				CLANG_WARN_NON_LITERAL_NULL_CONVERSION = YES;
				CLANG_WARN_OBJC_IMPLICIT_RETAIN_SELF = YES;
				CLANG_WARN_OBJC_LITERAL_CONVERSION = YES;
				CLANG_WARN_OBJC_ROOT_CLASS = YES_ERROR;
				CLANG_WARN_QUOTED_INCLUDE_IN_FRAMEWORK_HEADER = YES;
				CLANG_WARN_RANGE_LOOP_ANALYSIS = YES;
				CLANG_WARN_STRICT_PROTOTYPES = YES;
				CLANG_WARN_SUSPICIOUS_MOVE = YES;
				CLANG_WARN_UNGUARDED_AVAILABILITY = YES_AGGRESSIVE;
				CLANG_WARN_UNREACHABLE_CODE = YES;
				CLANG_WARN__DUPLICATE_METHOD_MATCH = YES;
				COPY_PHASE_STRIP = NO;
				DEBUG_INFORMATION_FORMAT = "dwarf-with-dsym";
				ENABLE_NS_ASSERTIONS = NO;
				ENABLE_STRICT_OBJC_MSGSEND = YES;
				GCC_C_LANGUAGE_STANDARD = gnu11;
				GCC_NO_COMMON_BLOCKS = YES;
				GCC_WARN_64_TO_32_BIT_CONVERSION = YES;
				GCC_WARN_ABOUT_RETURN_TYPE = YES_ERROR;
				GCC_WARN_UNDECLARED_SELECTOR = YES;
				GCC_WARN_UNINITIALIZED_AUTOS = YES_AGGRESSIVE;
				GCC_WARN_UNUSED_FUNCTION = YES;
				GCC_WARN_UNUSED_VARIABLE = YES;
				IPHONEOS_DEPLOYMENT_TARGET = 16.4;
				MTL_ENABLE_DEBUG_INFO = NO;
				MTL_FAST_MATH = YES;
				SDKROOT = iphoneos;
				SWIFT_COMPILATION_MODE = wholemodule;
				SWIFT_OPTIMIZATION_LEVEL = "-O";
				VALIDATE_PRODUCT = YES;
			};
			name = Release;
		};
		D147EF752AD5576F00B3478F /* Debug */ = {
			isa = XCBuildConfiguration;
			buildSettings = {
				ASSETCATALOG_COMPILER_APPICON_NAME = AppIcon;
				ASSETCATALOG_COMPILER_GLOBAL_ACCENT_COLOR_NAME = AccentColor;
				CODE_SIGN_STYLE = Automatic;
				CURRENT_PROJECT_VERSION = 1;
				DEVELOPMENT_ASSET_PATHS = "\"TriviaGame/Preview Content\"";
				DEVELOPMENT_TEAM = V893D9G2H6;
				ENABLE_PREVIEWS = YES;
				GENERATE_INFOPLIST_FILE = YES;
				INFOPLIST_KEY_UIApplicationSceneManifest_Generation = YES;
				INFOPLIST_KEY_UIApplicationSupportsIndirectInputEvents = YES;
				INFOPLIST_KEY_UILaunchScreen_Generation = YES;
				INFOPLIST_KEY_UISupportedInterfaceOrientations_iPad = "UIInterfaceOrientationPortrait UIInterfaceOrientationPortraitUpsideDown UIInterfaceOrientationLandscapeLeft UIInterfaceOrientationLandscapeRight";
				INFOPLIST_KEY_UISupportedInterfaceOrientations_iPhone = "UIInterfaceOrientationPortrait UIInterfaceOrientationLandscapeLeft UIInterfaceOrientationLandscapeRight";
				LD_RUNPATH_SEARCH_PATHS = (
					"$(inherited)",
					"@executable_path/Frameworks",
				);
				MARKETING_VERSION = 1.0;
				PRODUCT_BUNDLE_IDENTIFIER = VeysalHasanbayli.TriviaGame;
				PRODUCT_NAME = "$(TARGET_NAME)";
				SWIFT_EMIT_LOC_STRINGS = YES;
				SWIFT_VERSION = 5.0;
				TARGETED_DEVICE_FAMILY = "1,2";
			};
			name = Debug;
		};
		D147EF762AD5576F00B3478F /* Release */ = {
			isa = XCBuildConfiguration;
			buildSettings = {
				ASSETCATALOG_COMPILER_APPICON_NAME = AppIcon;
				ASSETCATALOG_COMPILER_GLOBAL_ACCENT_COLOR_NAME = AccentColor;
				CODE_SIGN_STYLE = Automatic;
				CURRENT_PROJECT_VERSION = 1;
				DEVELOPMENT_ASSET_PATHS = "\"TriviaGame/Preview Content\"";
				DEVELOPMENT_TEAM = V893D9G2H6;
				ENABLE_PREVIEWS = YES;
				GENERATE_INFOPLIST_FILE = YES;
				INFOPLIST_KEY_UIApplicationSceneManifest_Generation = YES;
				INFOPLIST_KEY_UIApplicationSupportsIndirectInputEvents = YES;
				INFOPLIST_KEY_UILaunchScreen_Generation = YES;
				INFOPLIST_KEY_UISupportedInterfaceOrientations_iPad = "UIInterfaceOrientationPortrait UIInterfaceOrientationPortraitUpsideDown UIInterfaceOrientationLandscapeLeft UIInterfaceOrientationLandscapeRight";
				INFOPLIST_KEY_UISupportedInterfaceOrientations_iPhone = "UIInterfaceOrientationPortrait UIInterfaceOrientationLandscapeLeft UIInterfaceOrientationLandscapeRight";
				LD_RUNPATH_SEARCH_PATHS = (
					"$(inherited)",
					"@executable_path/Frameworks",
				);
				MARKETING_VERSION = 1.0;
				PRODUCT_BUNDLE_IDENTIFIER = VeysalHasanbayli.TriviaGame;
				PRODUCT_NAME = "$(TARGET_NAME)";
				SWIFT_EMIT_LOC_STRINGS = YES;
				SWIFT_VERSION = 5.0;
				TARGETED_DEVICE_FAMILY = "1,2";
			};
			name = Release;
		};
/* End XCBuildConfiguration section */

/* Begin XCConfigurationList section */
		D147EF612AD5576B00B3478F /* Build configuration list for PBXProject "TriviaGame" */ = {
			isa = XCConfigurationList;
			buildConfigurations = (
				D147EF722AD5576F00B3478F /* Debug */,
				D147EF732AD5576F00B3478F /* Release */,
			);
			defaultConfigurationIsVisible = 0;
			defaultConfigurationName = Release;
		};
		D147EF742AD5576F00B3478F /* Build configuration list for PBXNativeTarget "TriviaGame" */ = {
			isa = XCConfigurationList;
			buildConfigurations = (
				D147EF752AD5576F00B3478F /* Debug */,
				D147EF762AD5576F00B3478F /* Release */,
			);
			defaultConfigurationIsVisible = 0;
			defaultConfigurationName = Release;
		};
/* End XCConfigurationList section */
	};
	rootObject = D147EF5E2AD5576B00B3478F /* Project object */;
}
